
Microsoft Visual Studio Solution File, Format Version 12.00
# Visual Studio Version 17
VisualStudioVersion = 17.3.32929.385
MinimumVisualStudioVersion = 10.0.40219.1
Project("{FAE04EC0-301F-11D3-BF4B-00C04F79EFBC}") = "Practica1", "Practica1\Practica1.csproj", "{F49D2B67-92A5-453D-AD35-C17AC74DDBD8}"
EndProject
Project("{FAE04EC0-301F-11D3-BF4B-00C04F79EFBC}") = "Practica2", "Practica2\Practica2.csproj", "{313928B6-D435-4AD7-B954-70D306CE1B53}"
EndProject
Project("{FAE04EC0-301F-11D3-BF4B-00C04F79EFBC}") = "Practica3", "Practica3\Practica3.csproj", "{0A925B4E-25B1-47E6-8432-61C25D8A4656}"
EndProject
Project("{FAE04EC0-301F-11D3-BF4B-00C04F79EFBC}") = "Practica4", "Practica4\Practica4.csproj", "{F0D8ED4C-156A-45D7-98D5-006BCDD7E61C}"
EndProject
Project("{FAE04EC0-301F-11D3-BF4B-00C04F79EFBC}") = "Practica5", "Practica5\Practica5.csproj", "{B3745AB6-400E-482D-8B63-62625B6F5B0C}"
EndProject
Project("{FAE04EC0-301F-11D3-BF4B-00C04F79EFBC}") = "PracticaCalculadora", "PracticaCalculadora\PracticaCalculadora.csproj", "{1247395F-720A-4124-A3EF-8207F4BECAB2}"
EndProject
Project("{FAE04EC0-301F-11D3-BF4B-00C04F79EFBC}") = "PracticaPOO", "PracticaPOO\PracticaPOO.csproj", "{DCBD7ECC-FBA2-42D4-A03A-D220F8A833DC}"
EndProject
Global
	GlobalSection(SolutionConfigurationPlatforms) = preSolution
		Debug|Any CPU = Debug|Any CPU
		Release|Any CPU = Release|Any CPU
	EndGlobalSection
	GlobalSection(ProjectConfigurationPlatforms) = postSolution
		{F49D2B67-92A5-453D-AD35-C17AC74DDBD8}.Debug|Any CPU.ActiveCfg = Debug|Any CPU
		{F49D2B67-92A5-453D-AD35-C17AC74DDBD8}.Debug|Any CPU.Build.0 = Debug|Any CPU
		{F49D2B67-92A5-453D-AD35-C17AC74DDBD8}.Release|Any CPU.ActiveCfg = Release|Any CPU
		{F49D2B67-92A5-453D-AD35-C17AC74DDBD8}.Release|Any CPU.Build.0 = Release|Any CPU
		{313928B6-D435-4AD7-B954-70D306CE1B53}.Debug|Any CPU.ActiveCfg = Debug|Any CPU
		{313928B6-D435-4AD7-B954-70D306CE1B53}.Debug|Any CPU.Build.0 = Debug|Any CPU
		{313928B6-D435-4AD7-B954-70D306CE1B53}.Release|Any CPU.ActiveCfg = Release|Any CPU
		{313928B6-D435-4AD7-B954-70D306CE1B53}.Release|Any CPU.Build.0 = Release|Any CPU
		{0A925B4E-25B1-47E6-8432-61C25D8A4656}.Debug|Any CPU.ActiveCfg = Debug|Any CPU
		{0A925B4E-25B1-47E6-8432-61C25D8A4656}.Debug|Any CPU.Build.0 = Debug|Any CPU
		{0A925B4E-25B1-47E6-8432-61C25D8A4656}.Release|Any CPU.ActiveCfg = Release|Any CPU
		{0A925B4E-25B1-47E6-8432-61C25D8A4656}.Release|Any CPU.Build.0 = Release|Any CPU
		{F0D8ED4C-156A-45D7-98D5-006BCDD7E61C}.Debug|Any CPU.ActiveCfg = Debug|Any CPU
		{F0D8ED4C-156A-45D7-98D5-006BCDD7E61C}.Debug|Any CPU.Build.0 = Debug|Any CPU
		{F0D8ED4C-156A-45D7-98D5-006BCDD7E61C}.Release|Any CPU.ActiveCfg = Release|Any CPU
		{F0D8ED4C-156A-45D7-98D5-006BCDD7E61C}.Release|Any CPU.Build.0 = Release|Any CPU
		{B3745AB6-400E-482D-8B63-62625B6F5B0C}.Debug|Any CPU.ActiveCfg = Debug|Any CPU
		{B3745AB6-400E-482D-8B63-62625B6F5B0C}.Debug|Any CPU.Build.0 = Debug|Any CPU
		{B3745AB6-400E-482D-8B63-62625B6F5B0C}.Release|Any CPU.ActiveCfg = Release|Any CPU
		{B3745AB6-400E-482D-8B63-62625B6F5B0C}.Release|Any CPU.Build.0 = Release|Any CPU
		{1247395F-720A-4124-A3EF-8207F4BECAB2}.Debug|Any CPU.ActiveCfg = Debug|Any CPU
		{1247395F-720A-4124-A3EF-8207F4BECAB2}.Debug|Any CPU.Build.0 = Debug|Any CPU
		{1247395F-720A-4124-A3EF-8207F4BECAB2}.Release|Any CPU.ActiveCfg = Release|Any CPU
		{1247395F-720A-4124-A3EF-8207F4BECAB2}.Release|Any CPU.Build.0 = Release|Any CPU
		{DCBD7ECC-FBA2-42D4-A03A-D220F8A833DC}.Debug|Any CPU.ActiveCfg = Debug|Any CPU
		{DCBD7ECC-FBA2-42D4-A03A-D220F8A833DC}.Debug|Any CPU.Build.0 = Debug|Any CPU
		{DCBD7ECC-FBA2-42D4-A03A-D220F8A833DC}.Release|Any CPU.ActiveCfg = Release|Any CPU
		{DCBD7ECC-FBA2-42D4-A03A-D220F8A833DC}.Release|Any CPU.Build.0 = Release|Any CPU
	EndGlobalSection
	GlobalSection(SolutionProperties) = preSolution
		HideSolutionNode = FALSE
	EndGlobalSection
	GlobalSection(ExtensibilityGlobals) = postSolution
		SolutionGuid = {FE2902B2-F81F-4619-85A6-54826F85E702}
	EndGlobalSection
EndGlobal
